// !$*UTF8*$!
{
	archiveVersion = 1;
	classes = {
	};
	objectVersion = 46;
	objects = {

/* Begin PBXBuildFile section */
		BF223C302A0C9923FD89C6E7 /* Pods_EcommerceDemo.framework in Frameworks */ = {isa = PBXBuildFile; fileRef = B0FC8CB42CDBF6A344BBF4F4 /* Pods_EcommerceDemo.framework */; };
		C8293C971EB114B60069FCB5 /* AppDelegate.swift in Sources */ = {isa = PBXBuildFile; fileRef = C8293C961EB114B60069FCB5 /* AppDelegate.swift */; };
		C8293C991EB114B60069FCB5 /* ViewController.swift in Sources */ = {isa = PBXBuildFile; fileRef = C8293C981EB114B60069FCB5 /* ViewController.swift */; };
		C8293C9C1EB114B60069FCB5 /* Main.storyboard in Resources */ = {isa = PBXBuildFile; fileRef = C8293C9A1EB114B60069FCB5 /* Main.storyboard */; };
		C8293C9E1EB114B60069FCB5 /* Assets.xcassets in Resources */ = {isa = PBXBuildFile; fileRef = C8293C9D1EB114B60069FCB5 /* Assets.xcassets */; };
		C8293CA11EB114B60069FCB5 /* LaunchScreen.storyboard in Resources */ = {isa = PBXBuildFile; fileRef = C8293C9F1EB114B60069FCB5 /* LaunchScreen.storyboard */; };
		C82C79361EB9E00200676B33 /* CategoryView.swift in Sources */ = {isa = PBXBuildFile; fileRef = C82C79351EB9E00200676B33 /* CategoryView.swift */; };
		C82C79381EB9FC1A00676B33 /* CategoryView.xib in Resources */ = {isa = PBXBuildFile; fileRef = C82C79371EB9FC1A00676B33 /* CategoryView.xib */; };
		C82C793B1EBA010D00676B33 /* CategoryDatasource.swift in Sources */ = {isa = PBXBuildFile; fileRef = C82C793A1EBA010D00676B33 /* CategoryDatasource.swift */; };
		C82C793F1EBA0D5100676B33 /* ProductCategoryTableViewCell.swift in Sources */ = {isa = PBXBuildFile; fileRef = C82C793D1EBA0D5100676B33 /* ProductCategoryTableViewCell.swift */; };
		C82C79401EBA0D5100676B33 /* ProductCategoryTableViewCell.xib in Resources */ = {isa = PBXBuildFile; fileRef = C82C793E1EBA0D5100676B33 /* ProductCategoryTableViewCell.xib */; };
		C82C79431EBA0D6300676B33 /* CategoryTableViewCell.swift in Sources */ = {isa = PBXBuildFile; fileRef = C82C79411EBA0D6300676B33 /* CategoryTableViewCell.swift */; };
		C82C79441EBA0D6300676B33 /* CategoryTableViewCell.xib in Resources */ = {isa = PBXBuildFile; fileRef = C82C79421EBA0D6300676B33 /* CategoryTableViewCell.xib */; };
		C82C79461EBA4DA400676B33 /* HeaderView.swift in Sources */ = {isa = PBXBuildFile; fileRef = C82C79451EBA4DA400676B33 /* HeaderView.swift */; };
		C88899CA1EB8F0E000988712 /* RankingProduct.swift in Sources */ = {isa = PBXBuildFile; fileRef = C88899C91EB8F0E000988712 /* RankingProduct.swift */; };
		C8974CBF1EB7B0CD00CEE2A9 /* HomeViewController.swift in Sources */ = {isa = PBXBuildFile; fileRef = C8974CBE1EB7B0CC00CEE2A9 /* HomeViewController.swift */; };
		C8974CC71EB7C47E00CEE2A9 /* Constants.swift in Sources */ = {isa = PBXBuildFile; fileRef = C8974CC61EB7C47E00CEE2A9 /* Constants.swift */; };
		C8974CC91EB7C77C00CEE2A9 /* Menu.swift in Sources */ = {isa = PBXBuildFile; fileRef = C8974CC81EB7C77C00CEE2A9 /* Menu.swift */; };
		C8974CCB1EB7C8D800CEE2A9 /* Category.swift in Sources */ = {isa = PBXBuildFile; fileRef = C8974CCA1EB7C8D800CEE2A9 /* Category.swift */; };
		C8974CCD1EB7CA7C00CEE2A9 /* Ranking.swift in Sources */ = {isa = PBXBuildFile; fileRef = C8974CCC1EB7CA7C00CEE2A9 /* Ranking.swift */; };
		C8974CD01EB7CCB100CEE2A9 /* NetworkManager.swift in Sources */ = {isa = PBXBuildFile; fileRef = C8974CCF1EB7CCB100CEE2A9 /* NetworkManager.swift */; };
		C8974CD21EB7CCCC00CEE2A9 /* ProductManager.swift in Sources */ = {isa = PBXBuildFile; fileRef = C8974CD11EB7CCCC00CEE2A9 /* ProductManager.swift */; };
		C8974CD41EB7CDA000CEE2A9 /* Product.swift in Sources */ = {isa = PBXBuildFile; fileRef = C8974CD31EB7CDA000CEE2A9 /* Product.swift */; };
		C8974CD61EB7D13800CEE2A9 /* Variants.swift in Sources */ = {isa = PBXBuildFile; fileRef = C8974CD51EB7D13800CEE2A9 /* Variants.swift */; };
		C8974CD81EB7D14400CEE2A9 /* Tax.swift in Sources */ = {isa = PBXBuildFile; fileRef = C8974CD71EB7D14400CEE2A9 /* Tax.swift */; };
/* End PBXBuildFile section */

/* Begin PBXFileReference section */
		7C016C0972A17EA23A1D6CFE /* Pods-EcommerceDemo.release.xcconfig */ = {isa = PBXFileReference; includeInIndex = 1; lastKnownFileType = text.xcconfig; name = "Pods-EcommerceDemo.release.xcconfig"; path = "Pods/Target Support Files/Pods-EcommerceDemo/Pods-EcommerceDemo.release.xcconfig"; sourceTree = "<group>"; };
		B0FC8CB42CDBF6A344BBF4F4 /* Pods_EcommerceDemo.framework */ = {isa = PBXFileReference; explicitFileType = wrapper.framework; includeInIndex = 0; path = Pods_EcommerceDemo.framework; sourceTree = BUILT_PRODUCTS_DIR; };
		C8293C931EB114B60069FCB5 /* EcommerceDemo.app */ = {isa = PBXFileReference; explicitFileType = wrapper.application; includeInIndex = 0; path = EcommerceDemo.app; sourceTree = BUILT_PRODUCTS_DIR; };
		C8293C961EB114B60069FCB5 /* AppDelegate.swift */ = {isa = PBXFileReference; lastKnownFileType = sourcecode.swift; path = AppDelegate.swift; sourceTree = "<group>"; };
		C8293C981EB114B60069FCB5 /* ViewController.swift */ = {isa = PBXFileReference; lastKnownFileType = sourcecode.swift; path = ViewController.swift; sourceTree = "<group>"; };
		C8293C9B1EB114B60069FCB5 /* Base */ = {isa = PBXFileReference; lastKnownFileType = file.storyboard; name = Base; path = Base.lproj/Main.storyboard; sourceTree = "<group>"; };
		C8293C9D1EB114B60069FCB5 /* Assets.xcassets */ = {isa = PBXFileReference; lastKnownFileType = folder.assetcatalog; path = Assets.xcassets; sourceTree = "<group>"; };
		C8293CA01EB114B60069FCB5 /* Base */ = {isa = PBXFileReference; lastKnownFileType = file.storyboard; name = Base; path = Base.lproj/LaunchScreen.storyboard; sourceTree = "<group>"; };
		C8293CA21EB114B60069FCB5 /* Info.plist */ = {isa = PBXFileReference; lastKnownFileType = text.plist.xml; path = Info.plist; sourceTree = "<group>"; };
		C82C79351EB9E00200676B33 /* CategoryView.swift */ = {isa = PBXFileReference; fileEncoding = 4; lastKnownFileType = sourcecode.swift; path = CategoryView.swift; sourceTree = "<group>"; };
		C82C79371EB9FC1A00676B33 /* CategoryView.xib */ = {isa = PBXFileReference; fileEncoding = 4; lastKnownFileType = file.xib; path = CategoryView.xib; sourceTree = "<group>"; };
		C82C793A1EBA010D00676B33 /* CategoryDatasource.swift */ = {isa = PBXFileReference; fileEncoding = 4; lastKnownFileType = sourcecode.swift; path = CategoryDatasource.swift; sourceTree = "<group>"; };
		C82C793D1EBA0D5100676B33 /* ProductCategoryTableViewCell.swift */ = {isa = PBXFileReference; fileEncoding = 4; lastKnownFileType = sourcecode.swift; path = ProductCategoryTableViewCell.swift; sourceTree = "<group>"; };
		C82C793E1EBA0D5100676B33 /* ProductCategoryTableViewCell.xib */ = {isa = PBXFileReference; fileEncoding = 4; lastKnownFileType = file.xib; path = ProductCategoryTableViewCell.xib; sourceTree = "<group>"; };
		C82C79411EBA0D6300676B33 /* CategoryTableViewCell.swift */ = {isa = PBXFileReference; fileEncoding = 4; lastKnownFileType = sourcecode.swift; path = CategoryTableViewCell.swift; sourceTree = "<group>"; };
		C82C79421EBA0D6300676B33 /* CategoryTableViewCell.xib */ = {isa = PBXFileReference; fileEncoding = 4; lastKnownFileType = file.xib; path = CategoryTableViewCell.xib; sourceTree = "<group>"; };
		C82C79451EBA4DA400676B33 /* HeaderView.swift */ = {isa = PBXFileReference; fileEncoding = 4; lastKnownFileType = sourcecode.swift; path = HeaderView.swift; sourceTree = "<group>"; };
		C88899C91EB8F0E000988712 /* RankingProduct.swift */ = {isa = PBXFileReference; fileEncoding = 4; lastKnownFileType = sourcecode.swift; path = RankingProduct.swift; sourceTree = "<group>"; };
		C8974CBE1EB7B0CC00CEE2A9 /* HomeViewController.swift */ = {isa = PBXFileReference; fileEncoding = 4; lastKnownFileType = sourcecode.swift; path = HomeViewController.swift; sourceTree = "<group>"; };
		C8974CC61EB7C47E00CEE2A9 /* Constants.swift */ = {isa = PBXFileReference; fileEncoding = 4; lastKnownFileType = sourcecode.swift; path = Constants.swift; sourceTree = "<group>"; };
		C8974CC81EB7C77C00CEE2A9 /* Menu.swift */ = {isa = PBXFileReference; fileEncoding = 4; lastKnownFileType = sourcecode.swift; path = Menu.swift; sourceTree = "<group>"; };
		C8974CCA1EB7C8D800CEE2A9 /* Category.swift */ = {isa = PBXFileReference; fileEncoding = 4; lastKnownFileType = sourcecode.swift; path = Category.swift; sourceTree = "<group>"; };
		C8974CCC1EB7CA7C00CEE2A9 /* Ranking.swift */ = {isa = PBXFileReference; fileEncoding = 4; lastKnownFileType = sourcecode.swift; path = Ranking.swift; sourceTree = "<group>"; };
		C8974CCF1EB7CCB100CEE2A9 /* NetworkManager.swift */ = {isa = PBXFileReference; fileEncoding = 4; lastKnownFileType = sourcecode.swift; path = NetworkManager.swift; sourceTree = "<group>"; };
		C8974CD11EB7CCCC00CEE2A9 /* ProductManager.swift */ = {isa = PBXFileReference; fileEncoding = 4; lastKnownFileType = sourcecode.swift; path = ProductManager.swift; sourceTree = "<group>"; };
		C8974CD31EB7CDA000CEE2A9 /* Product.swift */ = {isa = PBXFileReference; fileEncoding = 4; lastKnownFileType = sourcecode.swift; path = Product.swift; sourceTree = "<group>"; };
		C8974CD51EB7D13800CEE2A9 /* Variants.swift */ = {isa = PBXFileReference; fileEncoding = 4; lastKnownFileType = sourcecode.swift; path = Variants.swift; sourceTree = "<group>"; };
		C8974CD71EB7D14400CEE2A9 /* Tax.swift */ = {isa = PBXFileReference; fileEncoding = 4; lastKnownFileType = sourcecode.swift; path = Tax.swift; sourceTree = "<group>"; };
		EE0A5868DC972B09BFA57E98 /* Pods-EcommerceDemo.debug.xcconfig */ = {isa = PBXFileReference; includeInIndex = 1; lastKnownFileType = text.xcconfig; name = "Pods-EcommerceDemo.debug.xcconfig"; path = "Pods/Target Support Files/Pods-EcommerceDemo/Pods-EcommerceDemo.debug.xcconfig"; sourceTree = "<group>"; };
/* End PBXFileReference section */

/* Begin PBXFrameworksBuildPhase section */
		C8293C901EB114B60069FCB5 /* Frameworks */ = {
			isa = PBXFrameworksBuildPhase;
			buildActionMask = 2147483647;
			files = (
				BF223C302A0C9923FD89C6E7 /* Pods_EcommerceDemo.framework in Frameworks */,
			);
			runOnlyForDeploymentPostprocessing = 0;
		};
/* End PBXFrameworksBuildPhase section */

/* Begin PBXGroup section */
		8CE61C461F2F9AF04DB58CD0 /* Pods */ = {
			isa = PBXGroup;
			children = (
				EE0A5868DC972B09BFA57E98 /* Pods-EcommerceDemo.debug.xcconfig */,
				7C016C0972A17EA23A1D6CFE /* Pods-EcommerceDemo.release.xcconfig */,
			);
			name = Pods;
			sourceTree = "<group>";
		};
		8F505BC55C3F33FD0B9390A3 /* Frameworks */ = {
			isa = PBXGroup;
			children = (
				B0FC8CB42CDBF6A344BBF4F4 /* Pods_EcommerceDemo.framework */,
			);
			name = Frameworks;
			sourceTree = "<group>";
		};
		C8293C8A1EB114B60069FCB5 = {
			isa = PBXGroup;
			children = (
				C8293C951EB114B60069FCB5 /* EcommerceDemo */,
				C8293C941EB114B60069FCB5 /* Products */,
				8CE61C461F2F9AF04DB58CD0 /* Pods */,
				8F505BC55C3F33FD0B9390A3 /* Frameworks */,
			);
			sourceTree = "<group>";
		};
		C8293C941EB114B60069FCB5 /* Products */ = {
			isa = PBXGroup;
			children = (
				C8293C931EB114B60069FCB5 /* EcommerceDemo.app */,
			);
			name = Products;
			sourceTree = "<group>";
		};
		C8293C951EB114B60069FCB5 /* EcommerceDemo */ = {
			isa = PBXGroup;
			children = (
				C82C793C1EBA0D2B00676B33 /* CustomCells */,
				C82C79391EBA00A400676B33 /* DataSource */,
				C82C79341EB9DCFF00676B33 /* CustomViews */,
				C8974CCE1EB7CCB100CEE2A9 /* Managers */,
				C8974CBC1EB7B0A900CEE2A9 /* Models */,
				C8974CBD1EB7B0A900CEE2A9 /* ViewControllers */,
				C8293C961EB114B60069FCB5 /* AppDelegate.swift */,
				C8293C981EB114B60069FCB5 /* ViewController.swift */,
				C8293C9A1EB114B60069FCB5 /* Main.storyboard */,
				C8293C9D1EB114B60069FCB5 /* Assets.xcassets */,
				C8293C9F1EB114B60069FCB5 /* LaunchScreen.storyboard */,
				C8293CA21EB114B60069FCB5 /* Info.plist */,
				C8974CC61EB7C47E00CEE2A9 /* Constants.swift */,
			);
			path = EcommerceDemo;
			sourceTree = "<group>";
		};
		C82C79341EB9DCFF00676B33 /* CustomViews */ = {
			isa = PBXGroup;
			children = (
				C82C79351EB9E00200676B33 /* CategoryView.swift */,
				C82C79371EB9FC1A00676B33 /* CategoryView.xib */,
				C82C79451EBA4DA400676B33 /* HeaderView.swift */,
			);
			path = CustomViews;
			sourceTree = "<group>";
		};
		C82C79391EBA00A400676B33 /* DataSource */ = {
			isa = PBXGroup;
			children = (
				C82C793A1EBA010D00676B33 /* CategoryDatasource.swift */,
			);
			path = DataSource;
			sourceTree = "<group>";
		};
		C82C793C1EBA0D2B00676B33 /* CustomCells */ = {
			isa = PBXGroup;
			children = (
				C82C793D1EBA0D5100676B33 /* ProductCategoryTableViewCell.swift */,
				C82C793E1EBA0D5100676B33 /* ProductCategoryTableViewCell.xib */,
				C82C79411EBA0D6300676B33 /* CategoryTableViewCell.swift */,
				C82C79421EBA0D6300676B33 /* CategoryTableViewCell.xib */,
			);
			path = CustomCells;
			sourceTree = "<group>";
		};
		C8974CBC1EB7B0A900CEE2A9 /* Models */ = {
			isa = PBXGroup;
			children = (
				C8974CC81EB7C77C00CEE2A9 /* Menu.swift */,
				C8974CCA1EB7C8D800CEE2A9 /* Category.swift */,
				C8974CCC1EB7CA7C00CEE2A9 /* Ranking.swift */,
				C8974CD31EB7CDA000CEE2A9 /* Product.swift */,
				C8974CD51EB7D13800CEE2A9 /* Variants.swift */,
				C8974CD71EB7D14400CEE2A9 /* Tax.swift */,
				C88899C91EB8F0E000988712 /* RankingProduct.swift */,
			);
			path = Models;
			sourceTree = "<group>";
		};
		C8974CBD1EB7B0A900CEE2A9 /* ViewControllers */ = {
			isa = PBXGroup;
			children = (
				C8974CBE1EB7B0CC00CEE2A9 /* HomeViewController.swift */,
			);
			path = ViewControllers;
			sourceTree = "<group>";
		};
		C8974CCE1EB7CCB100CEE2A9 /* Managers */ = {
			isa = PBXGroup;
			children = (
				C8974CCF1EB7CCB100CEE2A9 /* NetworkManager.swift */,
				C8974CD11EB7CCCC00CEE2A9 /* ProductManager.swift */,
			);
			path = Managers;
			sourceTree = "<group>";
		};
/* End PBXGroup section */

/* Begin PBXNativeTarget section */
		C8293C921EB114B60069FCB5 /* EcommerceDemo */ = {
			isa = PBXNativeTarget;
			buildConfigurationList = C8293CA51EB114B60069FCB5 /* Build configuration list for PBXNativeTarget "EcommerceDemo" */;
			buildPhases = (
				B545D3EA873C6610AAA35792 /* [CP] Check Pods Manifest.lock */,
				C8293C8F1EB114B60069FCB5 /* Sources */,
				C8293C901EB114B60069FCB5 /* Frameworks */,
				C8293C911EB114B60069FCB5 /* Resources */,
				E0D205C9B6BF2C5F23F9D177 /* [CP] Embed Pods Frameworks */,
				22F8CB53E4273FE4CC88655A /* [CP] Copy Pods Resources */,
			);
			buildRules = (
			);
			dependencies = (
			);
			name = EcommerceDemo;
			productName = EcommerceDemo;
			productReference = C8293C931EB114B60069FCB5 /* EcommerceDemo.app */;
			productType = "com.apple.product-type.application";
		};
/* End PBXNativeTarget section */

/* Begin PBXProject section */
		C8293C8B1EB114B60069FCB5 /* Project object */ = {
			isa = PBXProject;
			attributes = {
				LastSwiftUpdateCheck = 0830;
				LastUpgradeCheck = 0830;
				ORGANIZATIONNAME = Pooja;
				TargetAttributes = {
					C8293C921EB114B60069FCB5 = {
						CreatedOnToolsVersion = 8.3.2;
						ProvisioningStyle = Manual;
					};
				};
			};
			buildConfigurationList = C8293C8E1EB114B60069FCB5 /* Build configuration list for PBXProject "EcommerceDemo" */;
			compatibilityVersion = "Xcode 3.2";
			developmentRegion = English;
			hasScannedForEncodings = 0;
			knownRegions = (
				en,
				Base,
			);
			mainGroup = C8293C8A1EB114B60069FCB5;
			productRefGroup = C8293C941EB114B60069FCB5 /* Products */;
			projectDirPath = "";
			projectRoot = "";
			targets = (
				C8293C921EB114B60069FCB5 /* EcommerceDemo */,
			);
		};
/* End PBXProject section */

/* Begin PBXResourcesBuildPhase section */
		C8293C911EB114B60069FCB5 /* Resources */ = {
			isa = PBXResourcesBuildPhase;
			buildActionMask = 2147483647;
			files = (
				C8293CA11EB114B60069FCB5 /* LaunchScreen.storyboard in Resources */,
				C8293C9E1EB114B60069FCB5 /* Assets.xcassets in Resources */,
				C82C79381EB9FC1A00676B33 /* CategoryView.xib in Resources */,
				C82C79441EBA0D6300676B33 /* CategoryTableViewCell.xib in Resources */,
				C8293C9C1EB114B60069FCB5 /* Main.storyboard in Resources */,
				C82C79401EBA0D5100676B33 /* ProductCategoryTableViewCell.xib in Resources */,
			);
			runOnlyForDeploymentPostprocessing = 0;
		};
/* End PBXResourcesBuildPhase section */

/* Begin PBXShellScriptBuildPhase section */
		22F8CB53E4273FE4CC88655A /* [CP] Copy Pods Resources */ = {
			isa = PBXShellScriptBuildPhase;
			buildActionMask = 2147483647;
			files = (
			);
			inputPaths = (
			);
			name = "[CP] Copy Pods Resources";
			outputPaths = (
			);
			runOnlyForDeploymentPostprocessing = 0;
			shellPath = /bin/sh;
			shellScript = "\"${SRCROOT}/Pods/Target Support Files/Pods-EcommerceDemo/Pods-EcommerceDemo-resources.sh\"\n";
			showEnvVarsInLog = 0;
		};
		B545D3EA873C6610AAA35792 /* [CP] Check Pods Manifest.lock */ = {
			isa = PBXShellScriptBuildPhase;
			buildActionMask = 2147483647;
			files = (
			);
			inputPaths = (
			);
			name = "[CP] Check Pods Manifest.lock";
			outputPaths = (
			);
			runOnlyForDeploymentPostprocessing = 0;
			shellPath = /bin/sh;
			shellScript = "diff \"${PODS_ROOT}/../Podfile.lock\" \"${PODS_ROOT}/Manifest.lock\" > /dev/null\nif [ $? != 0 ] ; then\n    # print error to STDERR\n    echo \"error: The sandbox is not in sync with the Podfile.lock. Run 'pod install' or update your CocoaPods installation.\" >&2\n    exit 1\nfi\n";
			showEnvVarsInLog = 0;
		};
		E0D205C9B6BF2C5F23F9D177 /* [CP] Embed Pods Frameworks */ = {
			isa = PBXShellScriptBuildPhase;
			buildActionMask = 2147483647;
			files = (
			);
			inputPaths = (
			);
			name = "[CP] Embed Pods Frameworks";
			outputPaths = (
			);
			runOnlyForDeploymentPostprocessing = 0;
			shellPath = /bin/sh;
			shellScript = "\"${SRCROOT}/Pods/Target Support Files/Pods-EcommerceDemo/Pods-EcommerceDemo-frameworks.sh\"\n";
			showEnvVarsInLog = 0;
		};
/* End PBXShellScriptBuildPhase section */

/* Begin PBXSourcesBuildPhase section */
		C8293C8F1EB114B60069FCB5 /* Sources */ = {
			isa = PBXSourcesBuildPhase;
			buildActionMask = 2147483647;
			files = (
				C8974CD01EB7CCB100CEE2A9 /* NetworkManager.swift in Sources */,
				C82C79461EBA4DA400676B33 /* HeaderView.swift in Sources */,
				C8974CC91EB7C77C00CEE2A9 /* Menu.swift in Sources */,
				C88899CA1EB8F0E000988712 /* RankingProduct.swift in Sources */,
				C8974CC71EB7C47E00CEE2A9 /* Constants.swift in Sources */,
				C8974CCD1EB7CA7C00CEE2A9 /* Ranking.swift in Sources */,
				C82C793B1EBA010D00676B33 /* CategoryDatasource.swift in Sources */,
				C8974CD21EB7CCCC00CEE2A9 /* ProductManager.swift in Sources */,
				C8293C991EB114B60069FCB5 /* ViewController.swift in Sources */,
				C8293C971EB114B60069FCB5 /* AppDelegate.swift in Sources */,
				C82C79361EB9E00200676B33 /* CategoryView.swift in Sources */,
				C8974CD41EB7CDA000CEE2A9 /* Product.swift in Sources */,
				C82C793F1EBA0D5100676B33 /* ProductCategoryTableViewCell.swift in Sources */,
				C8974CBF1EB7B0CD00CEE2A9 /* HomeViewController.swift in Sources */,
				C8974CD81EB7D14400CEE2A9 /* Tax.swift in Sources */,
				C8974CD61EB7D13800CEE2A9 /* Variants.swift in Sources */,
				C8974CCB1EB7C8D800CEE2A9 /* Category.swift in Sources */,
				C82C79431EBA0D6300676B33 /* CategoryTableViewCell.swift in Sources */,
			);
			runOnlyForDeploymentPostprocessing = 0;
		};
/* End PBXSourcesBuildPhase section */

/* Begin PBXVariantGroup section */
		C8293C9A1EB114B60069FCB5 /* Main.storyboard */ = {
			isa = PBXVariantGroup;
			children = (
				C8293C9B1EB114B60069FCB5 /* Base */,
			);
			name = Main.storyboard;
			sourceTree = "<group>";
		};
		C8293C9F1EB114B60069FCB5 /* LaunchScreen.storyboard */ = {
			isa = PBXVariantGroup;
			children = (
				C8293CA01EB114B60069FCB5 /* Base */,
			);
			name = LaunchScreen.storyboard;
			sourceTree = "<group>";
		};
/* End PBXVariantGroup section */

/* Begin XCBuildConfiguration section */
		C8293CA31EB114B60069FCB5 /* Debug */ = {
			isa = XCBuildConfiguration;
			buildSettings = {
				ALWAYS_SEARCH_USER_PATHS = NO;
				CLANG_ANALYZER_NONNULL = YES;
				CLANG_ANALYZER_NUMBER_OBJECT_CONVERSION = YES_AGGRESSIVE;
				CLANG_CXX_LANGUAGE_STANDARD = "gnu++0x";
				CLANG_CXX_LIBRARY = "libc++";
				CLANG_ENABLE_MODULES = YES;
				CLANG_ENABLE_OBJC_ARC = YES;
				CLANG_WARN_BOOL_CONVERSION = YES;
				CLANG_WARN_CONSTANT_CONVERSION = YES;
				CLANG_WARN_DIRECT_OBJC_ISA_USAGE = YES_ERROR;
				CLANG_WARN_DOCUMENTATION_COMMENTS = YES;
				CLANG_WARN_EMPTY_BODY = YES;
				CLANG_WARN_ENUM_CONVERSION = YES;
				CLANG_WARN_INFINITE_RECURSION = YES;
				CLANG_WARN_INT_CONVERSION = YES;
				CLANG_WARN_OBJC_ROOT_CLASS = YES_ERROR;
				CLANG_WARN_SUSPICIOUS_MOVE = YES;
				CLANG_WARN_UNREACHABLE_CODE = YES;
				CLANG_WARN__DUPLICATE_METHOD_MATCH = YES;
				"CODE_SIGN_IDENTITY[sdk=iphoneos*]" = "iPhone Developer";
				COPY_PHASE_STRIP = NO;
				DEBUG_INFORMATION_FORMAT = dwarf;
				ENABLE_STRICT_OBJC_MSGSEND = YES;
				ENABLE_TESTABILITY = YES;
				GCC_C_LANGUAGE_STANDARD = gnu99;
				GCC_DYNAMIC_NO_PIC = NO;
				GCC_NO_COMMON_BLOCKS = YES;
				GCC_OPTIMIZATION_LEVEL = 0;
				GCC_PREPROCESSOR_DEFINITIONS = (
					"DEBUG=1",
					"$(inherited)",
				);
				GCC_WARN_64_TO_32_BIT_CONVERSION = YES;
				GCC_WARN_ABOUT_RETURN_TYPE = YES_ERROR;
				GCC_WARN_UNDECLARED_SELECTOR = YES;
				GCC_WARN_UNINITIALIZED_AUTOS = YES_AGGRESSIVE;
				GCC_WARN_UNUSED_FUNCTION = YES;
				GCC_WARN_UNUSED_VARIABLE = YES;
				IPHONEOS_DEPLOYMENT_TARGET = 10.3;
				MTL_ENABLE_DEBUG_INFO = YES;
				ONLY_ACTIVE_ARCH = YES;
				SDKROOT = iphoneos;
				SWIFT_ACTIVE_COMPILATION_CONDITIONS = DEBUG;
				SWIFT_OPTIMIZATION_LEVEL = "-Onone";
				TARGETED_DEVICE_FAMILY = "1,2";
			};
			name = Debug;
		};
		C8293CA41EB114B60069FCB5 /* Release */ = {
			isa = XCBuildConfiguration;
			buildSettings = {
				ALWAYS_SEARCH_USER_PATHS = NO;
				CLANG_ANALYZER_NONNULL = YES;
				CLANG_ANALYZER_NUMBER_OBJECT_CONVERSION = YES_AGGRESSIVE;
				CLANG_CXX_LANGUAGE_STANDARD = "gnu++0x";
				CLANG_CXX_LIBRARY = "libc++";
				CLANG_ENABLE_MODULES = YES;
				CLANG_ENABLE_OBJC_ARC = YES;
				CLANG_WARN_BOOL_CONVERSION = YES;
				CLANG_WARN_CONSTANT_CONVERSION = YES;
				CLANG_WARN_DIRECT_OBJC_ISA_USAGE = YES_ERROR;
				CLANG_WARN_DOCUMENTATION_COMMENTS = YES;
				CLANG_WARN_EMPTY_BODY = YES;
				CLANG_WARN_ENUM_CONVERSION = YES;
				CLANG_WARN_INFINITE_RECURSION = YES;
				CLANG_WARN_INT_CONVERSION = YES;
				CLANG_WARN_OBJC_ROOT_CLASS = YES_ERROR;
				CLANG_WARN_SUSPICIOUS_MOVE = YES;
				CLANG_WARN_UNREACHABLE_CODE = YES;
				CLANG_WARN__DUPLICATE_METHOD_MATCH = YES;
				"CODE_SIGN_IDENTITY[sdk=iphoneos*]" = "iPhone Developer";
				COPY_PHASE_STRIP = NO;
				DEBUG_INFORMATION_FORMAT = "dwarf-with-dsym";
				ENABLE_NS_ASSERTIONS = NO;
				ENABLE_STRICT_OBJC_MSGSEND = YES;
				GCC_C_LANGUAGE_STANDARD = gnu99;
				GCC_NO_COMMON_BLOCKS = YES;
				GCC_WARN_64_TO_32_BIT_CONVERSION = YES;
				GCC_WARN_ABOUT_RETURN_TYPE = YES_ERROR;
				GCC_WARN_UNDECLARED_SELECTOR = YES;
				GCC_WARN_UNINITIALIZED_AUTOS = YES_AGGRESSIVE;
				GCC_WARN_UNUSED_FUNCTION = YES;
				GCC_WARN_UNUSED_VARIABLE = YES;
				IPHONEOS_DEPLOYMENT_TARGET = 10.3;
				MTL_ENABLE_DEBUG_INFO = NO;
				SDKROOT = iphoneos;
				SWIFT_OPTIMIZATION_LEVEL = "-Owholemodule";
				TARGETED_DEVICE_FAMILY = "1,2";
				VALIDATE_PRODUCT = YES;
			};
			name = Release;
		};
		C8293CA61EB114B60069FCB5 /* Debug */ = {
			isa = XCBuildConfiguration;
			baseConfigurationReference = EE0A5868DC972B09BFA57E98 /* Pods-EcommerceDemo.debug.xcconfig */;
			buildSettings = {
				ASSETCATALOG_COMPILER_APPICON_NAME = AppIcon;
				DEVELOPMENT_TEAM = "";
				INFOPLIST_FILE = EcommerceDemo/Info.plist;
				LD_RUNPATH_SEARCH_PATHS = "$(inherited) @executable_path/Frameworks";
				PRODUCT_BUNDLE_IDENTIFIER = com.EcommerceDemo;
				PRODUCT_NAME = "$(TARGET_NAME)";
				PROVISIONING_PROFILE_SPECIFIER = "";
				SWIFT_VERSION = 3.0;
			};
			name = Debug;
		};
		C8293CA71EB114B60069FCB5 /* Release */ = {
			isa = XCBuildConfiguration;
			baseConfigurationReference = 7C016C0972A17EA23A1D6CFE /* Pods-EcommerceDemo.release.xcconfig */;
			buildSettings = {
				ASSETCATALOG_COMPILER_APPICON_NAME = AppIcon;
				DEVELOPMENT_TEAM = "";
				INFOPLIST_FILE = EcommerceDemo/Info.plist;
				LD_RUNPATH_SEARCH_PATHS = "$(inherited) @executable_path/Frameworks";
				PRODUCT_BUNDLE_IDENTIFIER = com.EcommerceDemo;
				PRODUCT_NAME = "$(TARGET_NAME)";
				PROVISIONING_PROFILE_SPECIFIER = "";
				SWIFT_VERSION = 3.0;
			};
			name = Release;
		};
/* End XCBuildConfiguration section */

/* Begin XCConfigurationList section */
		C8293C8E1EB114B60069FCB5 /* Build configuration list for PBXProject "EcommerceDemo" */ = {
			isa = XCConfigurationList;
			buildConfigurations = (
				C8293CA31EB114B60069FCB5 /* Debug */,
				C8293CA41EB114B60069FCB5 /* Release */,
			);
			defaultConfigurationIsVisible = 0;
			defaultConfigurationName = Release;
		};
		C8293CA51EB114B60069FCB5 /* Build configuration list for PBXNativeTarget "EcommerceDemo" */ = {
			isa = XCConfigurationList;
			buildConfigurations = (
				C8293CA61EB114B60069FCB5 /* Debug */,
				C8293CA71EB114B60069FCB5 /* Release */,
			);
			defaultConfigurationIsVisible = 0;
			defaultConfigurationName = Release;
		};
/* End XCConfigurationList section */
	};
	rootObject = C8293C8B1EB114B60069FCB5 /* Project object */;
}
